
Microsoft Visual Studio Solution File, Format Version 12.00
# Visual Studio Version 17
VisualStudioVersion = 17.7.34018.315
MinimumVisualStudioVersion = 10.0.40219.1
Project("{9A19103F-16F7-4668-BE54-9A1E7A4F7556}") = "CostsAnalyzer.Core", "CostsAnalyzer.Core\CostsAnalyzer.Core.csproj", "{B90512FB-0C94-43E0-BE84-6C76E7D95036}"
EndProject
Project("{FAE04EC0-301F-11D3-BF4B-00C04F79EFBC}") = "CostsAnalyzer.Cmd", "CostsAnalyzer.Cmd\CostsAnalyzer.Cmd.csproj", "{6CC7C4FC-BE75-435F-87CD-C58887EFCD00}"
EndProject
Global
	GlobalSection(SolutionConfigurationPlatforms) = preSolution
		Debug|Any CPU = Debug|Any CPU
		Release|Any CPU = Release|Any CPU
	EndGlobalSection
	GlobalSection(ProjectConfigurationPlatforms) = postSolution
		{B90512FB-0C94-43E0-BE84-6C76E7D95036}.Debug|Any CPU.ActiveCfg = Debug|Any CPU
		{B90512FB-0C94-43E0-BE84-6C76E7D95036}.Debug|Any CPU.Build.0 = Debug|Any CPU
		{B90512FB-0C94-43E0-BE84-6C76E7D95036}.Release|Any CPU.ActiveCfg = Release|Any CPU
		{B90512FB-0C94-43E0-BE84-6C76E7D95036}.Release|Any CPU.Build.0 = Release|Any CPU
		{6CC7C4FC-BE75-435F-87CD-C58887EFCD00}.Debug|Any CPU.ActiveCfg = Debug|Any CPU
		{6CC7C4FC-BE75-435F-87CD-C58887EFCD00}.Debug|Any CPU.Build.0 = Debug|Any CPU
		{6CC7C4FC-BE75-435F-87CD-C58887EFCD00}.Release|Any CPU.ActiveCfg = Release|Any CPU
		{6CC7C4FC-BE75-435F-87CD-C58887EFCD00}.Release|Any CPU.Build.0 = Release|Any CPU
	EndGlobalSection
	GlobalSection(SolutionProperties) = preSolution
		HideSolutionNode = FALSE
	EndGlobalSection
	GlobalSection(ExtensibilityGlobals) = postSolution
		SolutionGuid = {0BABEF8E-8D91-4E11-B517-AD2453B768B4}
	EndGlobalSection
EndGlobal
